// !$*UTF8*$!
{
	archiveVersion = 1;
	classes = {
	};
	objectVersion = 46;
	objects = {

/* Begin PBXBuildFile section */
		2692141318FBF7B700BD21EC /* QFCollectionViewController.m in Sources */ = {isa = PBXBuildFile; fileRef = 2692141218FBF7B700BD21EC /* QFCollectionViewController.m */; };
		2692141618FBF7D800BD21EC /* QFCollectionTableViewController.m in Sources */ = {isa = PBXBuildFile; fileRef = 2692141518FBF7D800BD21EC /* QFCollectionTableViewController.m */; };
		2692C9D618F43375005466AB /* QFPerspectiveTableViewController.m in Sources */ = {isa = PBXBuildFile; fileRef = 2692C9D518F43375005466AB /* QFPerspectiveTableViewController.m */; };
		2692C9D918F44087005466AB /* QFPerspectiveCell.m in Sources */ = {isa = PBXBuildFile; fileRef = 2692C9D818F44087005466AB /* QFPerspectiveCell.m */; };
		2693F16618F6FEA60083340C /* QFCommentCell.m in Sources */ = {isa = PBXBuildFile; fileRef = 2693F16518F6FEA60083340C /* QFCommentCell.m */; };
		26954B0D18F6809500AE2783 /* QFNewsDetailTableViewController.m in Sources */ = {isa = PBXBuildFile; fileRef = 26954B0C18F6809500AE2783 /* QFNewsDetailTableViewController.m */; };
		26A088E618F553CF006006B0 /* QFNewsDetailViewController.m in Sources */ = {isa = PBXBuildFile; fileRef = 26A088E518F553CF006006B0 /* QFNewsDetailViewController.m */; };
		26A4442E18EFEDCC00525AB3 /* QFSettingTableViewController.m in Sources */ = {isa = PBXBuildFile; fileRef = 26A4442D18EFEDCC00525AB3 /* QFSettingTableViewController.m */; };
		26A4443118EFEE6300525AB3 /* QFSettingViewController.m in Sources */ = {isa = PBXBuildFile; fileRef = 26A4443018EFEE6300525AB3 /* QFSettingViewController.m */; };
		26D5F53518F55657009D4FF8 /* QFNewsDetailToolBar.m in Sources */ = {isa = PBXBuildFile; fileRef = 26D5F53418F55657009D4FF8 /* QFNewsDetailToolBar.m */; };
		4205932F18F7B8DD00A96C97 /* QFHistorySectionView.m in Sources */ = {isa = PBXBuildFile; fileRef = 4205932E18F7B8DD00A96C97 /* QFHistorySectionView.m */; };
		4205933218F7B96D00A96C97 /* QFHistoryCell.m in Sources */ = {isa = PBXBuildFile; fileRef = 4205933118F7B96D00A96C97 /* QFHistoryCell.m */; };
		42C6FD5D18E3BCF000913D4D /* Foundation.framework in Frameworks */ = {isa = PBXBuildFile; fileRef = 42C6FD5C18E3BCF000913D4D /* Foundation.framework */; };
		42C6FD5F18E3BCF000913D4D /* CoreGraphics.framework in Frameworks */ = {isa = PBXBuildFile; fileRef = 42C6FD5E18E3BCF000913D4D /* CoreGraphics.framework */; };
		42C6FD6118E3BCF000913D4D /* UIKit.framework in Frameworks */ = {isa = PBXBuildFile; fileRef = 42C6FD6018E3BCF000913D4D /* UIKit.framework */; };
		42C6FD6718E3BCF000913D4D /* InfoPlist.strings in Resources */ = {isa = PBXBuildFile; fileRef = 42C6FD6518E3BCF000913D4D /* InfoPlist.strings */; };
		42C6FD6918E3BCF000913D4D /* main.m in Sources */ = {isa = PBXBuildFile; fileRef = 42C6FD6818E3BCF000913D4D /* main.m */; };
		42C6FD6D18E3BCF000913D4D /* QFAppDelegate.m in Sources */ = {isa = PBXBuildFile; fileRef = 42C6FD6C18E3BCF000913D4D /* QFAppDelegate.m */; };
		42C6FD7018E3BCF000913D4D /* Main.storyboard in Resources */ = {isa = PBXBuildFile; fileRef = 42C6FD6E18E3BCF000913D4D /* Main.storyboard */; };
		42C6FD7518E3BCF000913D4D /* Images.xcassets in Resources */ = {isa = PBXBuildFile; fileRef = 42C6FD7418E3BCF000913D4D /* Images.xcassets */; };
		42C6FD7C18E3BCF000913D4D /* XCTest.framework in Frameworks */ = {isa = PBXBuildFile; fileRef = 42C6FD7B18E3BCF000913D4D /* XCTest.framework */; };
		42C6FD7D18E3BCF000913D4D /* Foundation.framework in Frameworks */ = {isa = PBXBuildFile; fileRef = 42C6FD5C18E3BCF000913D4D /* Foundation.framework */; };
		42C6FD7E18E3BCF000913D4D /* UIKit.framework in Frameworks */ = {isa = PBXBuildFile; fileRef = 42C6FD6018E3BCF000913D4D /* UIKit.framework */; };
		42C6FD8618E3BCF000913D4D /* InfoPlist.strings in Resources */ = {isa = PBXBuildFile; fileRef = 42C6FD8418E3BCF000913D4D /* InfoPlist.strings */; };
		42C6FD8818E3BCF000913D4D /* QuantumFinanceTests.m in Sources */ = {isa = PBXBuildFile; fileRef = 42C6FD8718E3BCF000913D4D /* QuantumFinanceTests.m */; };
		42C6FD9618E3D30B00913D4D /* QFNavigationController.m in Sources */ = {isa = PBXBuildFile; fileRef = 42C6FD9518E3D30B00913D4D /* QFNavigationController.m */; };
		42C6FD9918E4096500913D4D /* QFBaseViewController.m in Sources */ = {isa = PBXBuildFile; fileRef = 42C6FD9818E4096500913D4D /* QFBaseViewController.m */; };
		42C6FD9C18E4098D00913D4D /* QFSubBaseViewController.m in Sources */ = {isa = PBXBuildFile; fileRef = 42C6FD9B18E4098D00913D4D /* QFSubBaseViewController.m */; };
		42C6FD9F18E40AC900913D4D /* QFRootViewController.m in Sources */ = {isa = PBXBuildFile; fileRef = 42C6FD9E18E40AC900913D4D /* QFRootViewController.m */; };
		42C6FDA318E40E6A00913D4D /* QFNewsManager.m in Sources */ = {isa = PBXBuildFile; fileRef = 42C6FDA218E40E6A00913D4D /* QFNewsManager.m */; };
		42C6FDA718E416BD00913D4D /* QFUtils.m in Sources */ = {isa = PBXBuildFile; fileRef = 42C6FDA618E416BD00913D4D /* QFUtils.m */; };
		42C6FDB118E41AD000913D4D /* QFNavigationBar.m in Sources */ = {isa = PBXBuildFile; fileRef = 42C6FDB018E41AD000913D4D /* QFNavigationBar.m */; };
		42C6FDB418E41F5100913D4D /* DataBase.xcdatamodeld in Sources */ = {isa = PBXBuildFile; fileRef = 42C6FDB218E41F5100913D4D /* DataBase.xcdatamodeld */; };
		42C6FDB818E422B300913D4D /* QFToolBar.m in Sources */ = {isa = PBXBuildFile; fileRef = 42C6FDB718E422B300913D4D /* QFToolBar.m */; };
		42C6FDBB18E422C700913D4D /* QFCustomButton.m in Sources */ = {isa = PBXBuildFile; fileRef = 42C6FDBA18E422C700913D4D /* QFCustomButton.m */; };
		42C6FDBE18E429F200913D4D /* QFRecommendViewController.m in Sources */ = {isa = PBXBuildFile; fileRef = 42C6FDBD18E429F200913D4D /* QFRecommendViewController.m */; };
		42C6FDC118E42A1000913D4D /* QFPerspectiveViewController.m in Sources */ = {isa = PBXBuildFile; fileRef = 42C6FDC018E42A1000913D4D /* QFPerspectiveViewController.m */; };
		42C6FDC418E42A2800913D4D /* QFHistoryViewController.m in Sources */ = {isa = PBXBuildFile; fileRef = 42C6FDC318E42A2800913D4D /* QFHistoryViewController.m */; };
		42D261E318F5132E00824DA4 /* QFProductProgress.m in Sources */ = {isa = PBXBuildFile; fileRef = 42D261E218F5132E00824DA4 /* QFProductProgress.m */; };
		42DA94C718E5158E008446F6 /* QFAboutViewController.m in Sources */ = {isa = PBXBuildFile; fileRef = 42DA94C618E5158E008446F6 /* QFAboutViewController.m */; };
		42E992CB18F3A24000A5E88A /* QFMineViewController.m in Sources */ = {isa = PBXBuildFile; fileRef = 42E992CA18F3A24000A5E88A /* QFMineViewController.m */; };
		42E992CE18F3CB7E00A5E88A /* QFHeadLineView.m in Sources */ = {isa = PBXBuildFile; fileRef = 42E992CD18F3CB7E00A5E88A /* QFHeadLineView.m */; };
		42E992D118F3D6B100A5E88A /* QFNews.m in Sources */ = {isa = PBXBuildFile; fileRef = 42E992D018F3D6B100A5E88A /* QFNews.m */; };
		42E992D418F3D6B100A5E88A /* QFProduct.m in Sources */ = {isa = PBXBuildFile; fileRef = 42E992D318F3D6B100A5E88A /* QFProduct.m */; };
		42E992D718F3D6B200A5E88A /* QFComment.m in Sources */ = {isa = PBXBuildFile; fileRef = 42E992D618F3D6B200A5E88A /* QFComment.m */; };
		42E992DA18F3D6B200A5E88A /* QFUser.m in Sources */ = {isa = PBXBuildFile; fileRef = 42E992D918F3D6B200A5E88A /* QFUser.m */; };
		42E992DD18F3D6B200A5E88A /* QFHeadLine.m in Sources */ = {isa = PBXBuildFile; fileRef = 42E992DC18F3D6B200A5E88A /* QFHeadLine.m */; };
		BB561C99788C4305AB508515 /* libPods.a in Frameworks */ = {isa = PBXBuildFile; fileRef = 692AF7000FC448DEAB8DE17E /* libPods.a */; };
		D86368A418F16A8E003C8BC9 /* EGORefreshTableHeaderView.m in Sources */ = {isa = PBXBuildFile; fileRef = D86368A318F16A8E003C8BC9 /* EGORefreshTableHeaderView.m */; settings = {COMPILER_FLAGS = "-fno-objc-arc"; }; };
		D86368A818F174A4003C8BC9 /* QFRecommendProductCell.m in Sources */ = {isa = PBXBuildFile; fileRef = D86368A718F174A4003C8BC9 /* QFRecommendProductCell.m */; };
		D86368AA18F1A159003C8BC9 /* Localizable.strings in Resources */ = {isa = PBXBuildFile; fileRef = D86368A918F1A159003C8BC9 /* Localizable.strings */; };
/* End PBXBuildFile section */

/* Begin PBXContainerItemProxy section */
		42C6FD7F18E3BCF000913D4D /* PBXContainerItemProxy */ = {
			isa = PBXContainerItemProxy;
			containerPortal = 42C6FD5118E3BCF000913D4D /* Project object */;
			proxyType = 1;
			remoteGlobalIDString = 42C6FD5818E3BCF000913D4D;
			remoteInfo = QuantumFinance;
		};
/* End PBXContainerItemProxy section */

/* Begin PBXFileReference section */
		2692141118FBF7B700BD21EC /* QFCollectionViewController.h */ = {isa = PBXFileReference; fileEncoding = 4; lastKnownFileType = sourcecode.c.h; path = QFCollectionViewController.h; sourceTree = "<group>"; };
		2692141218FBF7B700BD21EC /* QFCollectionViewController.m */ = {isa = PBXFileReference; fileEncoding = 4; lastKnownFileType = sourcecode.c.objc; path = QFCollectionViewController.m; sourceTree = "<group>"; };
		2692141418FBF7D700BD21EC /* QFCollectionTableViewController.h */ = {isa = PBXFileReference; fileEncoding = 4; lastKnownFileType = sourcecode.c.h; path = QFCollectionTableViewController.h; sourceTree = "<group>"; };
		2692141518FBF7D800BD21EC /* QFCollectionTableViewController.m */ = {isa = PBXFileReference; fileEncoding = 4; lastKnownFileType = sourcecode.c.objc; path = QFCollectionTableViewController.m; sourceTree = "<group>"; };
		2692C9D418F43375005466AB /* QFPerspectiveTableViewController.h */ = {isa = PBXFileReference; fileEncoding = 4; lastKnownFileType = sourcecode.c.h; path = QFPerspectiveTableViewController.h; sourceTree = "<group>"; };
		2692C9D518F43375005466AB /* QFPerspectiveTableViewController.m */ = {isa = PBXFileReference; fileEncoding = 4; lastKnownFileType = sourcecode.c.objc; path = QFPerspectiveTableViewController.m; sourceTree = "<group>"; };
		2692C9D718F44087005466AB /* QFPerspectiveCell.h */ = {isa = PBXFileReference; fileEncoding = 4; lastKnownFileType = sourcecode.c.h; path = QFPerspectiveCell.h; sourceTree = "<group>"; };
		2692C9D818F44087005466AB /* QFPerspectiveCell.m */ = {isa = PBXFileReference; fileEncoding = 4; lastKnownFileType = sourcecode.c.objc; path = QFPerspectiveCell.m; sourceTree = "<group>"; };
		2693F16418F6FEA60083340C /* QFCommentCell.h */ = {isa = PBXFileReference; fileEncoding = 4; lastKnownFileType = sourcecode.c.h; path = QFCommentCell.h; sourceTree = "<group>"; };
		2693F16518F6FEA60083340C /* QFCommentCell.m */ = {isa = PBXFileReference; fileEncoding = 4; lastKnownFileType = sourcecode.c.objc; path = QFCommentCell.m; sourceTree = "<group>"; };
		26954B0B18F6809500AE2783 /* QFNewsDetailTableViewController.h */ = {isa = PBXFileReference; fileEncoding = 4; lastKnownFileType = sourcecode.c.h; path = QFNewsDetailTableViewController.h; sourceTree = "<group>"; };
		26954B0C18F6809500AE2783 /* QFNewsDetailTableViewController.m */ = {isa = PBXFileReference; fileEncoding = 4; lastKnownFileType = sourcecode.c.objc; path = QFNewsDetailTableViewController.m; sourceTree = "<group>"; };
		26A088E418F553CF006006B0 /* QFNewsDetailViewController.h */ = {isa = PBXFileReference; fileEncoding = 4; lastKnownFileType = sourcecode.c.h; path = QFNewsDetailViewController.h; sourceTree = "<group>"; };
		26A088E518F553CF006006B0 /* QFNewsDetailViewController.m */ = {isa = PBXFileReference; fileEncoding = 4; lastKnownFileType = sourcecode.c.objc; path = QFNewsDetailViewController.m; sourceTree = "<group>"; };
		26A4442C18EFEDCC00525AB3 /* QFSettingTableViewController.h */ = {isa = PBXFileReference; fileEncoding = 4; lastKnownFileType = sourcecode.c.h; path = QFSettingTableViewController.h; sourceTree = "<group>"; };
		26A4442D18EFEDCC00525AB3 /* QFSettingTableViewController.m */ = {isa = PBXFileReference; fileEncoding = 4; lastKnownFileType = sourcecode.c.objc; path = QFSettingTableViewController.m; sourceTree = "<group>"; };
		26A4442F18EFEE6300525AB3 /* QFSettingViewController.h */ = {isa = PBXFileReference; fileEncoding = 4; lastKnownFileType = sourcecode.c.h; path = QFSettingViewController.h; sourceTree = "<group>"; };
		26A4443018EFEE6300525AB3 /* QFSettingViewController.m */ = {isa = PBXFileReference; fileEncoding = 4; lastKnownFileType = sourcecode.c.objc; path = QFSettingViewController.m; sourceTree = "<group>"; };
		26D5F53318F55657009D4FF8 /* QFNewsDetailToolBar.h */ = {isa = PBXFileReference; fileEncoding = 4; lastKnownFileType = sourcecode.c.h; name = QFNewsDetailToolBar.h; path = QuantumFinance/view/ToolBar/QFNewsDetailToolBar.h; sourceTree = SOURCE_ROOT; };
		26D5F53418F55657009D4FF8 /* QFNewsDetailToolBar.m */ = {isa = PBXFileReference; fileEncoding = 4; lastKnownFileType = sourcecode.c.objc; name = QFNewsDetailToolBar.m; path = QuantumFinance/view/ToolBar/QFNewsDetailToolBar.m; sourceTree = SOURCE_ROOT; };
		4205932D18F7B8DD00A96C97 /* QFHistorySectionView.h */ = {isa = PBXFileReference; fileEncoding = 4; lastKnownFileType = sourcecode.c.h; name = QFHistorySectionView.h; path = QuantumFinance/View/QFHistorySectionView.h; sourceTree = SOURCE_ROOT; };
		4205932E18F7B8DD00A96C97 /* QFHistorySectionView.m */ = {isa = PBXFileReference; fileEncoding = 4; lastKnownFileType = sourcecode.c.objc; name = QFHistorySectionView.m; path = QuantumFinance/View/QFHistorySectionView.m; sourceTree = SOURCE_ROOT; };
		4205933018F7B96D00A96C97 /* QFHistoryCell.h */ = {isa = PBXFileReference; fileEncoding = 4; lastKnownFileType = sourcecode.c.h; name = QFHistoryCell.h; path = QuantumFinance/View/TableCell/QFHistoryCell.h; sourceTree = SOURCE_ROOT; };
		4205933118F7B96D00A96C97 /* QFHistoryCell.m */ = {isa = PBXFileReference; fileEncoding = 4; lastKnownFileType = sourcecode.c.objc; name = QFHistoryCell.m; path = QuantumFinance/View/TableCell/QFHistoryCell.m; sourceTree = SOURCE_ROOT; };
		42C6FD5918E3BCF000913D4D /* QuantumFinance.app */ = {isa = PBXFileReference; explicitFileType = wrapper.application; includeInIndex = 0; path = QuantumFinance.app; sourceTree = BUILT_PRODUCTS_DIR; };
		42C6FD5C18E3BCF000913D4D /* Foundation.framework */ = {isa = PBXFileReference; lastKnownFileType = wrapper.framework; name = Foundation.framework; path = System/Library/Frameworks/Foundation.framework; sourceTree = SDKROOT; };
		42C6FD5E18E3BCF000913D4D /* CoreGraphics.framework */ = {isa = PBXFileReference; lastKnownFileType = wrapper.framework; name = CoreGraphics.framework; path = System/Library/Frameworks/CoreGraphics.framework; sourceTree = SDKROOT; };
		42C6FD6018E3BCF000913D4D /* UIKit.framework */ = {isa = PBXFileReference; lastKnownFileType = wrapper.framework; name = UIKit.framework; path = System/Library/Frameworks/UIKit.framework; sourceTree = SDKROOT; };
		42C6FD6418E3BCF000913D4D /* QuantumFinance-Info.plist */ = {isa = PBXFileReference; lastKnownFileType = text.plist.xml; path = "QuantumFinance-Info.plist"; sourceTree = "<group>"; };
		42C6FD6618E3BCF000913D4D /* en */ = {isa = PBXFileReference; lastKnownFileType = text.plist.strings; name = en; path = en.lproj/InfoPlist.strings; sourceTree = "<group>"; };
		42C6FD6818E3BCF000913D4D /* main.m */ = {isa = PBXFileReference; lastKnownFileType = sourcecode.c.objc; path = main.m; sourceTree = "<group>"; };
		42C6FD6A18E3BCF000913D4D /* QuantumFinance-Prefix.pch */ = {isa = PBXFileReference; lastKnownFileType = sourcecode.c.h; path = "QuantumFinance-Prefix.pch"; sourceTree = "<group>"; };
		42C6FD6B18E3BCF000913D4D /* QFAppDelegate.h */ = {isa = PBXFileReference; lastKnownFileType = sourcecode.c.h; path = QFAppDelegate.h; sourceTree = "<group>"; };
		42C6FD6C18E3BCF000913D4D /* QFAppDelegate.m */ = {isa = PBXFileReference; lastKnownFileType = sourcecode.c.objc; path = QFAppDelegate.m; sourceTree = "<group>"; };
		42C6FD6F18E3BCF000913D4D /* Base */ = {isa = PBXFileReference; lastKnownFileType = file.storyboard; name = Base; path = Base.lproj/Main.storyboard; sourceTree = "<group>"; };
		42C6FD7418E3BCF000913D4D /* Images.xcassets */ = {isa = PBXFileReference; lastKnownFileType = folder.assetcatalog; path = Images.xcassets; sourceTree = "<group>"; };
		42C6FD7A18E3BCF000913D4D /* QuantumFinanceTests.xctest */ = {isa = PBXFileReference; explicitFileType = wrapper.cfbundle; includeInIndex = 0; path = QuantumFinanceTests.xctest; sourceTree = BUILT_PRODUCTS_DIR; };
		42C6FD7B18E3BCF000913D4D /* XCTest.framework */ = {isa = PBXFileReference; lastKnownFileType = wrapper.framework; name = XCTest.framework; path = Library/Frameworks/XCTest.framework; sourceTree = DEVELOPER_DIR; };
		42C6FD8318E3BCF000913D4D /* QuantumFinanceTests-Info.plist */ = {isa = PBXFileReference; lastKnownFileType = text.plist.xml; path = "QuantumFinanceTests-Info.plist"; sourceTree = "<group>"; };
		42C6FD8518E3BCF000913D4D /* en */ = {isa = PBXFileReference; lastKnownFileType = text.plist.strings; name = en; path = en.lproj/InfoPlist.strings; sourceTree = "<group>"; };
		42C6FD8718E3BCF000913D4D /* QuantumFinanceTests.m */ = {isa = PBXFileReference; lastKnownFileType = sourcecode.c.objc; path = QuantumFinanceTests.m; sourceTree = "<group>"; };
		42C6FD9418E3D30B00913D4D /* QFNavigationController.h */ = {isa = PBXFileReference; fileEncoding = 4; lastKnownFileType = sourcecode.c.h; path = QFNavigationController.h; sourceTree = "<group>"; };
		42C6FD9518E3D30B00913D4D /* QFNavigationController.m */ = {isa = PBXFileReference; fileEncoding = 4; lastKnownFileType = sourcecode.c.objc; path = QFNavigationController.m; sourceTree = "<group>"; };
		42C6FD9718E4096500913D4D /* QFBaseViewController.h */ = {isa = PBXFileReference; fileEncoding = 4; lastKnownFileType = sourcecode.c.h; path = QFBaseViewController.h; sourceTree = "<group>"; };
		42C6FD9818E4096500913D4D /* QFBaseViewController.m */ = {isa = PBXFileReference; fileEncoding = 4; lastKnownFileType = sourcecode.c.objc; path = QFBaseViewController.m; sourceTree = "<group>"; };
		42C6FD9A18E4098D00913D4D /* QFSubBaseViewController.h */ = {isa = PBXFileReference; fileEncoding = 4; lastKnownFileType = sourcecode.c.h; path = QFSubBaseViewController.h; sourceTree = "<group>"; };
		42C6FD9B18E4098D00913D4D /* QFSubBaseViewController.m */ = {isa = PBXFileReference; fileEncoding = 4; lastKnownFileType = sourcecode.c.objc; path = QFSubBaseViewController.m; sourceTree = "<group>"; };
		42C6FD9D18E40AC900913D4D /* QFRootViewController.h */ = {isa = PBXFileReference; fileEncoding = 4; lastKnownFileType = sourcecode.c.h; path = QFRootViewController.h; sourceTree = "<group>"; };
		42C6FD9E18E40AC900913D4D /* QFRootViewController.m */ = {isa = PBXFileReference; fileEncoding = 4; lastKnownFileType = sourcecode.c.objc; path = QFRootViewController.m; sourceTree = "<group>"; };
		42C6FDA018E40DA500913D4D /* QFConstant.h */ = {isa = PBXFileReference; lastKnownFileType = sourcecode.c.h; path = QFConstant.h; sourceTree = "<group>"; };
		42C6FDA118E40E6A00913D4D /* QFNewsManager.h */ = {isa = PBXFileReference; fileEncoding = 4; lastKnownFileType = sourcecode.c.h; path = QFNewsManager.h; sourceTree = "<group>"; };
		42C6FDA218E40E6A00913D4D /* QFNewsManager.m */ = {isa = PBXFileReference; fileEncoding = 4; lastKnownFileType = sourcecode.c.objc; path = QFNewsManager.m; sourceTree = "<group>"; };
		42C6FDA518E416BD00913D4D /* QFUtils.h */ = {isa = PBXFileReference; fileEncoding = 4; lastKnownFileType = sourcecode.c.h; path = QFUtils.h; sourceTree = "<group>"; };
		42C6FDA618E416BD00913D4D /* QFUtils.m */ = {isa = PBXFileReference; fileEncoding = 4; lastKnownFileType = sourcecode.c.objc; path = QFUtils.m; sourceTree = "<group>"; };
		42C6FDAF18E41AD000913D4D /* QFNavigationBar.h */ = {isa = PBXFileReference; fileEncoding = 4; lastKnownFileType = sourcecode.c.h; path = QFNavigationBar.h; sourceTree = "<group>"; };
		42C6FDB018E41AD000913D4D /* QFNavigationBar.m */ = {isa = PBXFileReference; fileEncoding = 4; lastKnownFileType = sourcecode.c.objc; path = QFNavigationBar.m; sourceTree = "<group>"; };
		42C6FDB318E41F5100913D4D /* DataBase.xcdatamodel */ = {isa = PBXFileReference; lastKnownFileType = wrapper.xcdatamodel; path = DataBase.xcdatamodel; sourceTree = "<group>"; };
		42C6FDB618E422B300913D4D /* QFToolBar.h */ = {isa = PBXFileReference; fileEncoding = 4; lastKnownFileType = sourcecode.c.h; path = QFToolBar.h; sourceTree = "<group>"; };
		42C6FDB718E422B300913D4D /* QFToolBar.m */ = {isa = PBXFileReference; fileEncoding = 4; lastKnownFileType = sourcecode.c.objc; path = QFToolBar.m; sourceTree = "<group>"; };
		42C6FDB918E422C700913D4D /* QFCustomButton.h */ = {isa = PBXFileReference; fileEncoding = 4; lastKnownFileType = sourcecode.c.h; name = QFCustomButton.h; path = QuantumFinance/View/QFCustomButton.h; sourceTree = SOURCE_ROOT; };
		42C6FDBA18E422C700913D4D /* QFCustomButton.m */ = {isa = PBXFileReference; fileEncoding = 4; lastKnownFileType = sourcecode.c.objc; name = QFCustomButton.m; path = QuantumFinance/View/QFCustomButton.m; sourceTree = SOURCE_ROOT; };
		42C6FDBC18E429F200913D4D /* QFRecommendViewController.h */ = {isa = PBXFileReference; fileEncoding = 4; lastKnownFileType = sourcecode.c.h; path = QFRecommendViewController.h; sourceTree = "<group>"; };
		42C6FDBD18E429F200913D4D /* QFRecommendViewController.m */ = {isa = PBXFileReference; fileEncoding = 4; lastKnownFileType = sourcecode.c.objc; path = QFRecommendViewController.m; sourceTree = "<group>"; };
		42C6FDBF18E42A1000913D4D /* QFPerspectiveViewController.h */ = {isa = PBXFileReference; fileEncoding = 4; lastKnownFileType = sourcecode.c.h; path = QFPerspectiveViewController.h; sourceTree = "<group>"; };
		42C6FDC018E42A1000913D4D /* QFPerspectiveViewController.m */ = {isa = PBXFileReference; fileEncoding = 4; lastKnownFileType = sourcecode.c.objc; path = QFPerspectiveViewController.m; sourceTree = "<group>"; };
		42C6FDC218E42A2800913D4D /* QFHistoryViewController.h */ = {isa = PBXFileReference; fileEncoding = 4; lastKnownFileType = sourcecode.c.h; path = QFHistoryViewController.h; sourceTree = "<group>"; };
		42C6FDC318E42A2800913D4D /* QFHistoryViewController.m */ = {isa = PBXFileReference; fileEncoding = 4; lastKnownFileType = sourcecode.c.objc; path = QFHistoryViewController.m; sourceTree = "<group>"; };
		42D261E118F5132E00824DA4 /* QFProductProgress.h */ = {isa = PBXFileReference; fileEncoding = 4; lastKnownFileType = sourcecode.c.h; name = QFProductProgress.h; path = QuantumFinance/View/QFProductProgress.h; sourceTree = SOURCE_ROOT; };
		42D261E218F5132E00824DA4 /* QFProductProgress.m */ = {isa = PBXFileReference; fileEncoding = 4; lastKnownFileType = sourcecode.c.objc; name = QFProductProgress.m; path = QuantumFinance/View/QFProductProgress.m; sourceTree = SOURCE_ROOT; };
		42DA94C518E5158E008446F6 /* QFAboutViewController.h */ = {isa = PBXFileReference; fileEncoding = 4; lastKnownFileType = sourcecode.c.h; path = QFAboutViewController.h; sourceTree = "<group>"; };
		42DA94C618E5158E008446F6 /* QFAboutViewController.m */ = {isa = PBXFileReference; fileEncoding = 4; lastKnownFileType = sourcecode.c.objc; path = QFAboutViewController.m; sourceTree = "<group>"; };
		42E992C918F3A24000A5E88A /* QFMineViewController.h */ = {isa = PBXFileReference; fileEncoding = 4; lastKnownFileType = sourcecode.c.h; path = QFMineViewController.h; sourceTree = "<group>"; };
		42E992CA18F3A24000A5E88A /* QFMineViewController.m */ = {isa = PBXFileReference; fileEncoding = 4; lastKnownFileType = sourcecode.c.objc; path = QFMineViewController.m; sourceTree = "<group>"; };
		42E992CC18F3CB7E00A5E88A /* QFHeadLineView.h */ = {isa = PBXFileReference; fileEncoding = 4; lastKnownFileType = sourcecode.c.h; name = QFHeadLineView.h; path = QuantumFinance/View/QFHeadLineView.h; sourceTree = SOURCE_ROOT; };
		42E992CD18F3CB7E00A5E88A /* QFHeadLineView.m */ = {isa = PBXFileReference; fileEncoding = 4; lastKnownFileType = sourcecode.c.objc; name = QFHeadLineView.m; path = QuantumFinance/View/QFHeadLineView.m; sourceTree = SOURCE_ROOT; };
		42E992CF18F3D6B100A5E88A /* QFNews.h */ = {isa = PBXFileReference; fileEncoding = 4; lastKnownFileType = sourcecode.c.h; path = QFNews.h; sourceTree = "<group>"; };
		42E992D018F3D6B100A5E88A /* QFNews.m */ = {isa = PBXFileReference; fileEncoding = 4; lastKnownFileType = sourcecode.c.objc; path = QFNews.m; sourceTree = "<group>"; };
		42E992D218F3D6B100A5E88A /* QFProduct.h */ = {isa = PBXFileReference; fileEncoding = 4; lastKnownFileType = sourcecode.c.h; path = QFProduct.h; sourceTree = "<group>"; };
		42E992D318F3D6B100A5E88A /* QFProduct.m */ = {isa = PBXFileReference; fileEncoding = 4; lastKnownFileType = sourcecode.c.objc; path = QFProduct.m; sourceTree = "<group>"; };
		42E992D518F3D6B200A5E88A /* QFComment.h */ = {isa = PBXFileReference; fileEncoding = 4; lastKnownFileType = sourcecode.c.h; path = QFComment.h; sourceTree = "<group>"; };
		42E992D618F3D6B200A5E88A /* QFComment.m */ = {isa = PBXFileReference; fileEncoding = 4; lastKnownFileType = sourcecode.c.objc; path = QFComment.m; sourceTree = "<group>"; };
		42E992D818F3D6B200A5E88A /* QFUser.h */ = {isa = PBXFileReference; fileEncoding = 4; lastKnownFileType = sourcecode.c.h; path = QFUser.h; sourceTree = "<group>"; };
		42E992D918F3D6B200A5E88A /* QFUser.m */ = {isa = PBXFileReference; fileEncoding = 4; lastKnownFileType = sourcecode.c.objc; path = QFUser.m; sourceTree = "<group>"; };
		42E992DB18F3D6B200A5E88A /* QFHeadLine.h */ = {isa = PBXFileReference; fileEncoding = 4; lastKnownFileType = sourcecode.c.h; path = QFHeadLine.h; sourceTree = "<group>"; };
		42E992DC18F3D6B200A5E88A /* QFHeadLine.m */ = {isa = PBXFileReference; fileEncoding = 4; lastKnownFileType = sourcecode.c.objc; path = QFHeadLine.m; sourceTree = "<group>"; };
		692AF7000FC448DEAB8DE17E /* libPods.a */ = {isa = PBXFileReference; explicitFileType = archive.ar; includeInIndex = 0; path = libPods.a; sourceTree = BUILT_PRODUCTS_DIR; };
		C1488F1C07024959A1EE240F /* Pods.xcconfig */ = {isa = PBXFileReference; includeInIndex = 1; lastKnownFileType = text.xcconfig; name = Pods.xcconfig; path = Pods/Pods.xcconfig; sourceTree = "<group>"; };
		D86368A218F16A8E003C8BC9 /* EGORefreshTableHeaderView.h */ = {isa = PBXFileReference; fileEncoding = 4; lastKnownFileType = sourcecode.c.h; path = EGORefreshTableHeaderView.h; sourceTree = "<group>"; };
		D86368A318F16A8E003C8BC9 /* EGORefreshTableHeaderView.m */ = {isa = PBXFileReference; fileEncoding = 4; lastKnownFileType = sourcecode.c.objc; path = EGORefreshTableHeaderView.m; sourceTree = "<group>"; };
		D86368A618F174A4003C8BC9 /* QFRecommendProductCell.h */ = {isa = PBXFileReference; fileEncoding = 4; lastKnownFileType = sourcecode.c.h; path = QFRecommendProductCell.h; sourceTree = "<group>"; };
		D86368A718F174A4003C8BC9 /* QFRecommendProductCell.m */ = {isa = PBXFileReference; fileEncoding = 4; lastKnownFileType = sourcecode.c.objc; path = QFRecommendProductCell.m; sourceTree = "<group>"; };
		D86368A918F1A159003C8BC9 /* Localizable.strings */ = {isa = PBXFileReference; fileEncoding = 4; lastKnownFileType = text.plist.strings; path = Localizable.strings; sourceTree = "<group>"; };
/* End PBXFileReference section */

/* Begin PBXFrameworksBuildPhase section */
		42C6FD5618E3BCF000913D4D /* Frameworks */ = {
			isa = PBXFrameworksBuildPhase;
			buildActionMask = 2147483647;
			files = (
				42C6FD5F18E3BCF000913D4D /* CoreGraphics.framework in Frameworks */,
				42C6FD6118E3BCF000913D4D /* UIKit.framework in Frameworks */,
				42C6FD5D18E3BCF000913D4D /* Foundation.framework in Frameworks */,
				BB561C99788C4305AB508515 /* libPods.a in Frameworks */,
			);
			runOnlyForDeploymentPostprocessing = 0;
		};
		42C6FD7718E3BCF000913D4D /* Frameworks */ = {
			isa = PBXFrameworksBuildPhase;
			buildActionMask = 2147483647;
			files = (
				42C6FD7C18E3BCF000913D4D /* XCTest.framework in Frameworks */,
				42C6FD7E18E3BCF000913D4D /* UIKit.framework in Frameworks */,
				42C6FD7D18E3BCF000913D4D /* Foundation.framework in Frameworks */,
			);
			runOnlyForDeploymentPostprocessing = 0;
		};
/* End PBXFrameworksBuildPhase section */

/* Begin PBXGroup section */
		26BE115B18F1972A00F098BF /* Button */ = {
			isa = PBXGroup;
			children = (
				42C6FDB918E422C700913D4D /* QFCustomButton.h */,
				42C6FDBA18E422C700913D4D /* QFCustomButton.m */,
			);
			name = Button;
			sourceTree = "<group>";
		};
		42C6FD5018E3BCF000913D4D = {
			isa = PBXGroup;
			children = (
				42C6FD6218E3BCF000913D4D /* QuantumFinance */,
				42C6FD8118E3BCF000913D4D /* QuantumFinanceTests */,
				42C6FD5B18E3BCF000913D4D /* Frameworks */,
				42C6FD5A18E3BCF000913D4D /* Products */,
				C1488F1C07024959A1EE240F /* Pods.xcconfig */,
			);
			sourceTree = "<group>";
		};
		42C6FD5A18E3BCF000913D4D /* Products */ = {
			isa = PBXGroup;
			children = (
				42C6FD5918E3BCF000913D4D /* QuantumFinance.app */,
				42C6FD7A18E3BCF000913D4D /* QuantumFinanceTests.xctest */,
			);
			name = Products;
			sourceTree = "<group>";
		};
		42C6FD5B18E3BCF000913D4D /* Frameworks */ = {
			isa = PBXGroup;
			children = (
				42C6FD5C18E3BCF000913D4D /* Foundation.framework */,
				42C6FD5E18E3BCF000913D4D /* CoreGraphics.framework */,
				42C6FD6018E3BCF000913D4D /* UIKit.framework */,
				42C6FD7B18E3BCF000913D4D /* XCTest.framework */,
				692AF7000FC448DEAB8DE17E /* libPods.a */,
			);
			name = Frameworks;
			sourceTree = "<group>";
		};
		42C6FD6218E3BCF000913D4D /* QuantumFinance */ = {
			isa = PBXGroup;
			children = (
				42C6FDA418E416BD00913D4D /* Utils */,
				42C6FD9118E3C7C200913D4D /* Model */,
				42C6FDAE18E41ABB00913D4D /* View */,
				42C6FD9318E3C7C200913D4D /* ViewController */,
				D86368A018F16A8E003C8BC9 /* ThirdParty */,
				42C6FD6B18E3BCF000913D4D /* QFAppDelegate.h */,
				42C6FD6C18E3BCF000913D4D /* QFAppDelegate.m */,
				42C6FD6E18E3BCF000913D4D /* Main.storyboard */,
				42C6FD7418E3BCF000913D4D /* Images.xcassets */,
				42C6FD6318E3BCF000913D4D /* Supporting Files */,
			);
			path = QuantumFinance;
			sourceTree = "<group>";
		};
		42C6FD6318E3BCF000913D4D /* Supporting Files */ = {
			isa = PBXGroup;
			children = (
				42C6FDA018E40DA500913D4D /* QFConstant.h */,
				42C6FD6418E3BCF000913D4D /* QuantumFinance-Info.plist */,
				D86368A918F1A159003C8BC9 /* Localizable.strings */,
				42C6FD6518E3BCF000913D4D /* InfoPlist.strings */,
				42C6FD6818E3BCF000913D4D /* main.m */,
				42C6FD6A18E3BCF000913D4D /* QuantumFinance-Prefix.pch */,
			);
			name = "Supporting Files";
			sourceTree = "<group>";
		};
		42C6FD8118E3BCF000913D4D /* QuantumFinanceTests */ = {
			isa = PBXGroup;
			children = (
				42C6FD8718E3BCF000913D4D /* QuantumFinanceTests.m */,
				42C6FD8218E3BCF000913D4D /* Supporting Files */,
			);
			path = QuantumFinanceTests;
			sourceTree = "<group>";
		};
		42C6FD8218E3BCF000913D4D /* Supporting Files */ = {
			isa = PBXGroup;
			children = (
				42C6FD8318E3BCF000913D4D /* QuantumFinanceTests-Info.plist */,
				42C6FD8418E3BCF000913D4D /* InfoPlist.strings */,
			);
			name = "Supporting Files";
			sourceTree = "<group>";
		};
		42C6FD9118E3C7C200913D4D /* Model */ = {
			isa = PBXGroup;
			children = (
				42C6FDB218E41F5100913D4D /* DataBase.xcdatamodeld */,
				42C6FDA118E40E6A00913D4D /* QFNewsManager.h */,
				42C6FDA218E40E6A00913D4D /* QFNewsManager.m */,
				42E992DB18F3D6B200A5E88A /* QFHeadLine.h */,
				42E992DC18F3D6B200A5E88A /* QFHeadLine.m */,
				42E992D818F3D6B200A5E88A /* QFUser.h */,
				42E992D918F3D6B200A5E88A /* QFUser.m */,
				42E992D518F3D6B200A5E88A /* QFComment.h */,
				42E992D618F3D6B200A5E88A /* QFComment.m */,
				42E992D218F3D6B100A5E88A /* QFProduct.h */,
				42E992D318F3D6B100A5E88A /* QFProduct.m */,
				42E992CF18F3D6B100A5E88A /* QFNews.h */,
				42E992D018F3D6B100A5E88A /* QFNews.m */,
			);
			path = Model;
			sourceTree = "<group>";
		};
		42C6FD9318E3C7C200913D4D /* ViewController */ = {
			isa = PBXGroup;
			children = (
				42C6FD9418E3D30B00913D4D /* QFNavigationController.h */,
				42C6FD9518E3D30B00913D4D /* QFNavigationController.m */,
				42C6FD9718E4096500913D4D /* QFBaseViewController.h */,
				42C6FD9818E4096500913D4D /* QFBaseViewController.m */,
				42C6FD9A18E4098D00913D4D /* QFSubBaseViewController.h */,
				42C6FD9B18E4098D00913D4D /* QFSubBaseViewController.m */,
				42C6FD9D18E40AC900913D4D /* QFRootViewController.h */,
				42C6FD9E18E40AC900913D4D /* QFRootViewController.m */,
				42C6FDBC18E429F200913D4D /* QFRecommendViewController.h */,
				42C6FDBD18E429F200913D4D /* QFRecommendViewController.m */,
				42C6FDBF18E42A1000913D4D /* QFPerspectiveViewController.h */,
				42C6FDC018E42A1000913D4D /* QFPerspectiveViewController.m */,
				2692C9D418F43375005466AB /* QFPerspectiveTableViewController.h */,
				2692C9D518F43375005466AB /* QFPerspectiveTableViewController.m */,
				42C6FDC218E42A2800913D4D /* QFHistoryViewController.h */,
				42C6FDC318E42A2800913D4D /* QFHistoryViewController.m */,
				42E992CA18F3A24000A5E88A /* QFMineViewController.m */,
				42E992C918F3A24000A5E88A /* QFMineViewController.h */,
				42DA94C518E5158E008446F6 /* QFAboutViewController.h */,
				42DA94C618E5158E008446F6 /* QFAboutViewController.m */,
				26A4442F18EFEE6300525AB3 /* QFSettingViewController.h */,
				26A4443018EFEE6300525AB3 /* QFSettingViewController.m */,
				26A4442C18EFEDCC00525AB3 /* QFSettingTableViewController.h */,
				26A4442D18EFEDCC00525AB3 /* QFSettingTableViewController.m */,
				26A088E418F553CF006006B0 /* QFNewsDetailViewController.h */,
				26A088E518F553CF006006B0 /* QFNewsDetailViewController.m */,
				26954B0B18F6809500AE2783 /* QFNewsDetailTableViewController.h */,
				26954B0C18F6809500AE2783 /* QFNewsDetailTableViewController.m */,
				2692141118FBF7B700BD21EC /* QFCollectionViewController.h */,
				2692141218FBF7B700BD21EC /* QFCollectionViewController.m */,
				2692141418FBF7D700BD21EC /* QFCollectionTableViewController.h */,
				2692141518FBF7D800BD21EC /* QFCollectionTableViewController.m */,
			);
			path = ViewController;
			sourceTree = "<group>";
		};
		42C6FDA418E416BD00913D4D /* Utils */ = {
			isa = PBXGroup;
			children = (
				42C6FDA518E416BD00913D4D /* QFUtils.h */,
				42C6FDA618E416BD00913D4D /* QFUtils.m */,
			);
			path = Utils;
			sourceTree = "<group>";
		};
		42C6FDAE18E41ABB00913D4D /* View */ = {
			isa = PBXGroup;
			children = (
				26BE115B18F1972A00F098BF /* Button */,
				D86368A518F1745B003C8BC9 /* TableCell */,
				42C6FDB518E4207C00913D4D /* ToolBar */,
				42C6FDAF18E41AD000913D4D /* QFNavigationBar.h */,
				42C6FDB018E41AD000913D4D /* QFNavigationBar.m */,
				42E992CC18F3CB7E00A5E88A /* QFHeadLineView.h */,
				42E992CD18F3CB7E00A5E88A /* QFHeadLineView.m */,
				42D261E118F5132E00824DA4 /* QFProductProgress.h */,
				42D261E218F5132E00824DA4 /* QFProductProgress.m */,
				4205932D18F7B8DD00A96C97 /* QFHistorySectionView.h */,
				4205932E18F7B8DD00A96C97 /* QFHistorySectionView.m */,
			);
			name = View;
			path = view;
			sourceTree = "<group>";
		};
		42C6FDB518E4207C00913D4D /* ToolBar */ = {
			isa = PBXGroup;
			children = (
				42C6FDB618E422B300913D4D /* QFToolBar.h */,
				42C6FDB718E422B300913D4D /* QFToolBar.m */,
				26D5F53318F55657009D4FF8 /* QFNewsDetailToolBar.h */,
				26D5F53418F55657009D4FF8 /* QFNewsDetailToolBar.m */,
			);
			name = ToolBar;
			path = QuantumFinance/View/ToolBar;
			sourceTree = SOURCE_ROOT;
		};
		D86368A018F16A8E003C8BC9 /* ThirdParty */ = {
			isa = PBXGroup;
			children = (
				D86368A118F16A8E003C8BC9 /* EGORefreshTableHeaderView */,
			);
			path = ThirdParty;
			sourceTree = "<group>";
		};
		D86368A118F16A8E003C8BC9 /* EGORefreshTableHeaderView */ = {
			isa = PBXGroup;
			children = (
				D86368A218F16A8E003C8BC9 /* EGORefreshTableHeaderView.h */,
				D86368A318F16A8E003C8BC9 /* EGORefreshTableHeaderView.m */,
			);
			path = EGORefreshTableHeaderView;
			sourceTree = "<group>";
		};
		D86368A518F1745B003C8BC9 /* TableCell */ = {
			isa = PBXGroup;
			children = (
				D86368A618F174A4003C8BC9 /* QFRecommendProductCell.h */,
				D86368A718F174A4003C8BC9 /* QFRecommendProductCell.m */,
				2692C9D718F44087005466AB /* QFPerspectiveCell.h */,
				2692C9D818F44087005466AB /* QFPerspectiveCell.m */,
				2693F16418F6FEA60083340C /* QFCommentCell.h */,
				2693F16518F6FEA60083340C /* QFCommentCell.m */,
				4205933018F7B96D00A96C97 /* QFHistoryCell.h */,
				4205933118F7B96D00A96C97 /* QFHistoryCell.m */,
			);
			path = TableCell;
			sourceTree = "<group>";
		};
/* End PBXGroup section */

/* Begin PBXNativeTarget section */
		42C6FD5818E3BCF000913D4D /* QuantumFinance */ = {
			isa = PBXNativeTarget;
			buildConfigurationList = 42C6FD8B18E3BCF000913D4D /* Build configuration list for PBXNativeTarget "QuantumFinance" */;
			buildPhases = (
				F45250CF95D2441C99DC5A45 /* Check Pods Manifest.lock */,
				42C6FD5518E3BCF000913D4D /* Sources */,
				42C6FD5618E3BCF000913D4D /* Frameworks */,
				42C6FD5718E3BCF000913D4D /* Resources */,
				6D357EE2C8E24649ACCD241F /* Copy Pods Resources */,
			);
			buildRules = (
			);
			dependencies = (
			);
			name = QuantumFinance;
			productName = QuantumFinance;
			productReference = 42C6FD5918E3BCF000913D4D /* QuantumFinance.app */;
			productType = "com.apple.product-type.application";
		};
		42C6FD7918E3BCF000913D4D /* QuantumFinanceTests */ = {
			isa = PBXNativeTarget;
			buildConfigurationList = 42C6FD8E18E3BCF000913D4D /* Build configuration list for PBXNativeTarget "QuantumFinanceTests" */;
			buildPhases = (
				42C6FD7618E3BCF000913D4D /* Sources */,
				42C6FD7718E3BCF000913D4D /* Frameworks */,
				42C6FD7818E3BCF000913D4D /* Resources */,
			);
			buildRules = (
			);
			dependencies = (
				42C6FD8018E3BCF000913D4D /* PBXTargetDependency */,
			);
			name = QuantumFinanceTests;
			productName = QuantumFinanceTests;
			productReference = 42C6FD7A18E3BCF000913D4D /* QuantumFinanceTests.xctest */;
			productType = "com.apple.product-type.bundle.unit-test";
		};
/* End PBXNativeTarget section */

/* Begin PBXProject section */
		42C6FD5118E3BCF000913D4D /* Project object */ = {
			isa = PBXProject;
			attributes = {
				CLASSPREFIX = QF;
				LastUpgradeCheck = 0500;
				ORGANIZATIONNAME = "龚涛";
				TargetAttributes = {
					42C6FD7918E3BCF000913D4D = {
						TestTargetID = 42C6FD5818E3BCF000913D4D;
					};
				};
			};
			buildConfigurationList = 42C6FD5418E3BCF000913D4D /* Build configuration list for PBXProject "QuantumFinance" */;
			compatibilityVersion = "Xcode 3.2";
			developmentRegion = English;
			hasScannedForEncodings = 0;
			knownRegions = (
				en,
				Base,
			);
			mainGroup = 42C6FD5018E3BCF000913D4D;
			productRefGroup = 42C6FD5A18E3BCF000913D4D /* Products */;
			projectDirPath = "";
			projectRoot = "";
			targets = (
				42C6FD5818E3BCF000913D4D /* QuantumFinance */,
				42C6FD7918E3BCF000913D4D /* QuantumFinanceTests */,
			);
		};
/* End PBXProject section */

/* Begin PBXResourcesBuildPhase section */
		42C6FD5718E3BCF000913D4D /* Resources */ = {
			isa = PBXResourcesBuildPhase;
			buildActionMask = 2147483647;
			files = (
				42C6FD7518E3BCF000913D4D /* Images.xcassets in Resources */,
				D86368AA18F1A159003C8BC9 /* Localizable.strings in Resources */,
				42C6FD6718E3BCF000913D4D /* InfoPlist.strings in Resources */,
				42C6FD7018E3BCF000913D4D /* Main.storyboard in Resources */,
			);
			runOnlyForDeploymentPostprocessing = 0;
		};
		42C6FD7818E3BCF000913D4D /* Resources */ = {
			isa = PBXResourcesBuildPhase;
			buildActionMask = 2147483647;
			files = (
				42C6FD8618E3BCF000913D4D /* InfoPlist.strings in Resources */,
			);
			runOnlyForDeploymentPostprocessing = 0;
		};
/* End PBXResourcesBuildPhase section */

/* Begin PBXShellScriptBuildPhase section */
		6D357EE2C8E24649ACCD241F /* Copy Pods Resources */ = {
			isa = PBXShellScriptBuildPhase;
			buildActionMask = 2147483647;
			files = (
			);
			inputPaths = (
			);
			name = "Copy Pods Resources";
			outputPaths = (
			);
			runOnlyForDeploymentPostprocessing = 0;
			shellPath = /bin/sh;
			shellScript = "\"${SRCROOT}/Pods/Pods-resources.sh\"\n";
			showEnvVarsInLog = 0;
		};
		F45250CF95D2441C99DC5A45 /* Check Pods Manifest.lock */ = {
			isa = PBXShellScriptBuildPhase;
			buildActionMask = 2147483647;
			files = (
			);
			inputPaths = (
			);
			name = "Check Pods Manifest.lock";
			outputPaths = (
			);
			runOnlyForDeploymentPostprocessing = 0;
			shellPath = /bin/sh;
			shellScript = "diff \"${PODS_ROOT}/../Podfile.lock\" \"${PODS_ROOT}/Manifest.lock\" > /dev/null\nif [[ $? != 0 ]] ; then\n    cat << EOM\nerror: The sandbox is not in sync with the Podfile.lock. Run 'pod install' or update your CocoaPods installation.\nEOM\n    exit 1\nfi\n";
			showEnvVarsInLog = 0;
		};
/* End PBXShellScriptBuildPhase section */

/* Begin PBXSourcesBuildPhase section */
		42C6FD5518E3BCF000913D4D /* Sources */ = {
			isa = PBXSourcesBuildPhase;
			buildActionMask = 2147483647;
			files = (
				2693F16618F6FEA60083340C /* QFCommentCell.m in Sources */,
				42DA94C718E5158E008446F6 /* QFAboutViewController.m in Sources */,
				42C6FDA318E40E6A00913D4D /* QFNewsManager.m in Sources */,
				42C6FD6918E3BCF000913D4D /* main.m in Sources */,
				42C6FDBE18E429F200913D4D /* QFRecommendViewController.m in Sources */,
				26A088E618F553CF006006B0 /* QFNewsDetailViewController.m in Sources */,
				42D261E318F5132E00824DA4 /* QFProductProgress.m in Sources */,
				42C6FDB418E41F5100913D4D /* DataBase.xcdatamodeld in Sources */,
				2692141618FBF7D800BD21EC /* QFCollectionTableViewController.m in Sources */,
				2692C9D618F43375005466AB /* QFPerspectiveTableViewController.m in Sources */,
				42C6FD9618E3D30B00913D4D /* QFNavigationController.m in Sources */,
				42E992D418F3D6B100A5E88A /* QFProduct.m in Sources */,
				26D5F53518F55657009D4FF8 /* QFNewsDetailToolBar.m in Sources */,
				42C6FDB118E41AD000913D4D /* QFNavigationBar.m in Sources */,
				D86368A818F174A4003C8BC9 /* QFRecommendProductCell.m in Sources */,
				2692141318FBF7B700BD21EC /* QFCollectionViewController.m in Sources */,
				42E992D118F3D6B100A5E88A /* QFNews.m in Sources */,
				42C6FDC118E42A1000913D4D /* QFPerspectiveViewController.m in Sources */,
				42E992DA18F3D6B200A5E88A /* QFUser.m in Sources */,
				D86368A418F16A8E003C8BC9 /* EGORefreshTableHeaderView.m in Sources */,
				26954B0D18F6809500AE2783 /* QFNewsDetailTableViewController.m in Sources */,
				4205933218F7B96D00A96C97 /* QFHistoryCell.m in Sources */,
				42C6FD9918E4096500913D4D /* QFBaseViewController.m in Sources */,
				42E992D718F3D6B200A5E88A /* QFComment.m in Sources */,
				42C6FDA718E416BD00913D4D /* QFUtils.m in Sources */,
				4205932F18F7B8DD00A96C97 /* QFHistorySectionView.m in Sources */,
				26A4443118EFEE6300525AB3 /* QFSettingViewController.m in Sources */,
				42C6FD9C18E4098D00913D4D /* QFSubBaseViewController.m in Sources */,
				26A4442E18EFEDCC00525AB3 /* QFSettingTableViewController.m in Sources */,
				42C6FDB818E422B300913D4D /* QFToolBar.m in Sources */,
				42C6FDBB18E422C700913D4D /* QFCustomButton.m in Sources */,
				2692C9D918F44087005466AB /* QFPerspectiveCell.m in Sources */,
				42C6FD6D18E3BCF000913D4D /* QFAppDelegate.m in Sources */,
				42E992DD18F3D6B200A5E88A /* QFHeadLine.m in Sources */,
				42E992CB18F3A24000A5E88A /* QFMineViewController.m in Sources */,
				42C6FDC418E42A2800913D4D /* QFHistoryViewController.m in Sources */,
				42C6FD9F18E40AC900913D4D /* QFRootViewController.m in Sources */,
				42E992CE18F3CB7E00A5E88A /* QFHeadLineView.m in Sources */,
			);
			runOnlyForDeploymentPostprocessing = 0;
		};
		42C6FD7618E3BCF000913D4D /* Sources */ = {
			isa = PBXSourcesBuildPhase;
			buildActionMask = 2147483647;
			files = (
				42C6FD8818E3BCF000913D4D /* QuantumFinanceTests.m in Sources */,
			);
			runOnlyForDeploymentPostprocessing = 0;
		};
/* End PBXSourcesBuildPhase section */

/* Begin PBXTargetDependency section */
		42C6FD8018E3BCF000913D4D /* PBXTargetDependency */ = {
			isa = PBXTargetDependency;
			target = 42C6FD5818E3BCF000913D4D /* QuantumFinance */;
			targetProxy = 42C6FD7F18E3BCF000913D4D /* PBXContainerItemProxy */;
		};
/* End PBXTargetDependency section */

/* Begin PBXVariantGroup section */
		42C6FD6518E3BCF000913D4D /* InfoPlist.strings */ = {
			isa = PBXVariantGroup;
			children = (
				42C6FD6618E3BCF000913D4D /* en */,
			);
			name = InfoPlist.strings;
			sourceTree = "<group>";
		};
		42C6FD6E18E3BCF000913D4D /* Main.storyboard */ = {
			isa = PBXVariantGroup;
			children = (
				42C6FD6F18E3BCF000913D4D /* Base */,
			);
			name = Main.storyboard;
			sourceTree = "<group>";
		};
		42C6FD8418E3BCF000913D4D /* InfoPlist.strings */ = {
			isa = PBXVariantGroup;
			children = (
				42C6FD8518E3BCF000913D4D /* en */,
			);
			name = InfoPlist.strings;
			sourceTree = "<group>";
		};
/* End PBXVariantGroup section */

/* Begin XCBuildConfiguration section */
		42C6FD8918E3BCF000913D4D /* Debug */ = {
			isa = XCBuildConfiguration;
			buildSettings = {
				ALWAYS_SEARCH_USER_PATHS = NO;
				ARCHS = "$(ARCHS_STANDARD_INCLUDING_64_BIT)";
				CLANG_CXX_LANGUAGE_STANDARD = "gnu++0x";
				CLANG_CXX_LIBRARY = "libc++";
				CLANG_ENABLE_MODULES = YES;
				CLANG_ENABLE_OBJC_ARC = YES;
				CLANG_WARN_BOOL_CONVERSION = YES;
				CLANG_WARN_CONSTANT_CONVERSION = YES;
				CLANG_WARN_DIRECT_OBJC_ISA_USAGE = YES_ERROR;
				CLANG_WARN_EMPTY_BODY = YES;
				CLANG_WARN_ENUM_CONVERSION = YES;
				CLANG_WARN_INT_CONVERSION = YES;
				CLANG_WARN_OBJC_ROOT_CLASS = YES_ERROR;
				CLANG_WARN__DUPLICATE_METHOD_MATCH = YES;
				"CODE_SIGN_IDENTITY[sdk=iphoneos*]" = "iPhone Developer";
				COPY_PHASE_STRIP = NO;
				GCC_C_LANGUAGE_STANDARD = gnu99;
				GCC_DYNAMIC_NO_PIC = NO;
				GCC_OPTIMIZATION_LEVEL = 0;
				GCC_PREPROCESSOR_DEFINITIONS = (
					"DEBUG=1",
					"$(inherited)",
				);
				GCC_SYMBOLS_PRIVATE_EXTERN = NO;
				GCC_WARN_64_TO_32_BIT_CONVERSION = YES;
				GCC_WARN_ABOUT_RETURN_TYPE = YES_ERROR;
				GCC_WARN_UNDECLARED_SELECTOR = YES;
				GCC_WARN_UNINITIALIZED_AUTOS = YES;
				GCC_WARN_UNUSED_FUNCTION = YES;
				GCC_WARN_UNUSED_VARIABLE = YES;
				IPHONEOS_DEPLOYMENT_TARGET = 7.0;
				ONLY_ACTIVE_ARCH = YES;
				SDKROOT = iphoneos;
			};
			name = Debug;
		};
		42C6FD8A18E3BCF000913D4D /* Release */ = {
			isa = XCBuildConfiguration;
			buildSettings = {
				ALWAYS_SEARCH_USER_PATHS = NO;
				ARCHS = "$(ARCHS_STANDARD_INCLUDING_64_BIT)";
				CLANG_CXX_LANGUAGE_STANDARD = "gnu++0x";
				CLANG_CXX_LIBRARY = "libc++";
				CLANG_ENABLE_MODULES = YES;
				CLANG_ENABLE_OBJC_ARC = YES;
				CLANG_WARN_BOOL_CONVERSION = YES;
				CLANG_WARN_CONSTANT_CONVERSION = YES;
				CLANG_WARN_DIRECT_OBJC_ISA_USAGE = YES_ERROR;
				CLANG_WARN_EMPTY_BODY = YES;
				CLANG_WARN_ENUM_CONVERSION = YES;
				CLANG_WARN_INT_CONVERSION = YES;
				CLANG_WARN_OBJC_ROOT_CLASS = YES_ERROR;
				CLANG_WARN__DUPLICATE_METHOD_MATCH = YES;
				"CODE_SIGN_IDENTITY[sdk=iphoneos*]" = "iPhone Developer";
				COPY_PHASE_STRIP = YES;
				ENABLE_NS_ASSERTIONS = NO;
				GCC_C_LANGUAGE_STANDARD = gnu99;
				GCC_WARN_64_TO_32_BIT_CONVERSION = YES;
				GCC_WARN_ABOUT_RETURN_TYPE = YES_ERROR;
				GCC_WARN_UNDECLARED_SELECTOR = YES;
				GCC_WARN_UNINITIALIZED_AUTOS = YES;
				GCC_WARN_UNUSED_FUNCTION = YES;
				GCC_WARN_UNUSED_VARIABLE = YES;
				IPHONEOS_DEPLOYMENT_TARGET = 7.0;
				SDKROOT = iphoneos;
				VALIDATE_PRODUCT = YES;
			};
			name = Release;
		};
		42C6FD8C18E3BCF000913D4D /* Debug */ = {
			isa = XCBuildConfiguration;
			baseConfigurationReference = C1488F1C07024959A1EE240F /* Pods.xcconfig */;
			buildSettings = {
				ASSETCATALOG_COMPILER_APPICON_NAME = AppIcon;
				ASSETCATALOG_COMPILER_LAUNCHIMAGE_NAME = LaunchImage;
				GCC_PRECOMPILE_PREFIX_HEADER = YES;
				GCC_PREFIX_HEADER = "QuantumFinance/QuantumFinance-Prefix.pch";
				INFOPLIST_FILE = "QuantumFinance/QuantumFinance-Info.plist";
				IPHONEOS_DEPLOYMENT_TARGET = 7.0;
				PRODUCT_NAME = "$(TARGET_NAME)";
				WRAPPER_EXTENSION = app;
			};
			name = Debug;
		};
		42C6FD8D18E3BCF000913D4D /* Release */ = {
			isa = XCBuildConfiguration;
			baseConfigurationReference = C1488F1C07024959A1EE240F /* Pods.xcconfig */;
			buildSettings = {
				ASSETCATALOG_COMPILER_APPICON_NAME = AppIcon;
				ASSETCATALOG_COMPILER_LAUNCHIMAGE_NAME = LaunchImage;
				GCC_PRECOMPILE_PREFIX_HEADER = YES;
				GCC_PREFIX_HEADER = "QuantumFinance/QuantumFinance-Prefix.pch";
				INFOPLIST_FILE = "QuantumFinance/QuantumFinance-Info.plist";
				IPHONEOS_DEPLOYMENT_TARGET = 7.0;
				PRODUCT_NAME = "$(TARGET_NAME)";
				WRAPPER_EXTENSION = app;
			};
			name = Release;
		};
		42C6FD8F18E3BCF000913D4D /* Debug */ = {
			isa = XCBuildConfiguration;
			buildSettings = {
				ARCHS = "$(ARCHS_STANDARD_INCLUDING_64_BIT)";
				BUNDLE_LOADER = "$(BUILT_PRODUCTS_DIR)/QuantumFinance.app/QuantumFinance";
				FRAMEWORK_SEARCH_PATHS = (
					"$(SDKROOT)/Developer/Library/Frameworks",
					"$(inherited)",
					"$(DEVELOPER_FRAMEWORKS_DIR)",
				);
				GCC_PRECOMPILE_PREFIX_HEADER = YES;
				GCC_PREFIX_HEADER = "QuantumFinance/QuantumFinance-Prefix.pch";
				GCC_PREPROCESSOR_DEFINITIONS = (
					"DEBUG=1",
					"$(inherited)",
				);
				INFOPLIST_FILE = "QuantumFinanceTests/QuantumFinanceTests-Info.plist";
				PRODUCT_NAME = "$(TARGET_NAME)";
				TEST_HOST = "$(BUNDLE_LOADER)";
				WRAPPER_EXTENSION = xctest;
			};
			name = Debug;
		};
		42C6FD9018E3BCF000913D4D /* Release */ = {
			isa = XCBuildConfiguration;
			buildSettings = {
				ARCHS = "$(ARCHS_STANDARD_INCLUDING_64_BIT)";
				BUNDLE_LOADER = "$(BUILT_PRODUCTS_DIR)/QuantumFinance.app/QuantumFinance";
				FRAMEWORK_SEARCH_PATHS = (
					"$(SDKROOT)/Developer/Library/Frameworks",
					"$(inherited)",
					"$(DEVELOPER_FRAMEWORKS_DIR)",
				);
				GCC_PRECOMPILE_PREFIX_HEADER = YES;
				GCC_PREFIX_HEADER = "QuantumFinance/QuantumFinance-Prefix.pch";
				INFOPLIST_FILE = "QuantumFinanceTests/QuantumFinanceTests-Info.plist";
				PRODUCT_NAME = "$(TARGET_NAME)";
				TEST_HOST = "$(BUNDLE_LOADER)";
				WRAPPER_EXTENSION = xctest;
			};
			name = Release;
		};
/* End XCBuildConfiguration section */

/* Begin XCConfigurationList section */
		42C6FD5418E3BCF000913D4D /* Build configuration list for PBXProject "QuantumFinance" */ = {
			isa = XCConfigurationList;
			buildConfigurations = (
				42C6FD8918E3BCF000913D4D /* Debug */,
				42C6FD8A18E3BCF000913D4D /* Release */,
			);
			defaultConfigurationIsVisible = 0;
			defaultConfigurationName = Release;
		};
		42C6FD8B18E3BCF000913D4D /* Build configuration list for PBXNativeTarget "QuantumFinance" */ = {
			isa = XCConfigurationList;
			buildConfigurations = (
				42C6FD8C18E3BCF000913D4D /* Debug */,
				42C6FD8D18E3BCF000913D4D /* Release */,
			);
			defaultConfigurationIsVisible = 0;
			defaultConfigurationName = Release;
		};
		42C6FD8E18E3BCF000913D4D /* Build configuration list for PBXNativeTarget "QuantumFinanceTests" */ = {
			isa = XCConfigurationList;
			buildConfigurations = (
				42C6FD8F18E3BCF000913D4D /* Debug */,
				42C6FD9018E3BCF000913D4D /* Release */,
			);
			defaultConfigurationIsVisible = 0;
			defaultConfigurationName = Release;
		};
/* End XCConfigurationList section */

/* Begin XCVersionGroup section */
		42C6FDB218E41F5100913D4D /* DataBase.xcdatamodeld */ = {
			isa = XCVersionGroup;
			children = (
				42C6FDB318E41F5100913D4D /* DataBase.xcdatamodel */,
			);
			currentVersion = 42C6FDB318E41F5100913D4D /* DataBase.xcdatamodel */;
			path = DataBase.xcdatamodeld;
			sourceTree = "<group>";
			versionGroupType = wrapper.xcdatamodel;
		};
/* End XCVersionGroup section */
	};
	rootObject = 42C6FD5118E3BCF000913D4D /* Project object */;
}
